
Microsoft Visual Studio Solution File, Format Version 12.00
# Visual Studio Version 17
VisualStudioVersion = 17.2.32616.157
MinimumVisualStudioVersion = 10.0.40219.1
Project("{FAE04EC0-301F-11D3-BF4B-00C04F79EFBC}") = "ShapeAreaForInternship", "ShapeAreaForInternship\ShapeAreaForInternship.csproj", "{1E7F3B14-48F1-4EA1-95BD-60B607503CFE}"
EndProject
Project("{FAE04EC0-301F-11D3-BF4B-00C04F79EFBC}") = "ShapeAreaTests", "ShapeAreaTests\ShapeAreaTests.csproj", "{660B8777-7DC8-42C6-AD9B-41C7C619CFD3}"
EndProject
Global
	GlobalSection(SolutionConfigurationPlatforms) = preSolution
		Debug|Any CPU = Debug|Any CPU
		Release|Any CPU = Release|Any CPU
	EndGlobalSection
	GlobalSection(ProjectConfigurationPlatforms) = postSolution
		{1E7F3B14-48F1-4EA1-95BD-60B607503CFE}.Debug|Any CPU.ActiveCfg = Debug|Any CPU
		{1E7F3B14-48F1-4EA1-95BD-60B607503CFE}.Debug|Any CPU.Build.0 = Debug|Any CPU
		{1E7F3B14-48F1-4EA1-95BD-60B607503CFE}.Release|Any CPU.ActiveCfg = Release|Any CPU
		{1E7F3B14-48F1-4EA1-95BD-60B607503CFE}.Release|Any CPU.Build.0 = Release|Any CPU
		{660B8777-7DC8-42C6-AD9B-41C7C619CFD3}.Debug|Any CPU.ActiveCfg = Debug|Any CPU
		{660B8777-7DC8-42C6-AD9B-41C7C619CFD3}.Debug|Any CPU.Build.0 = Debug|Any CPU
		{660B8777-7DC8-42C6-AD9B-41C7C619CFD3}.Release|Any CPU.ActiveCfg = Release|Any CPU
		{660B8777-7DC8-42C6-AD9B-41C7C619CFD3}.Release|Any CPU.Build.0 = Release|Any CPU
	EndGlobalSection
	GlobalSection(SolutionProperties) = preSolution
		HideSolutionNode = FALSE
	EndGlobalSection
	GlobalSection(ExtensibilityGlobals) = postSolution
		SolutionGuid = {3120AA70-174F-4A98-AEB2-1C520A046D9D}
	EndGlobalSection
EndGlobal
